
Microsoft Visual Studio Solution File, Format Version 12.00
# Visual Studio Version 17
VisualStudioVersion = 17.14.36408.4
MinimumVisualStudioVersion = 10.0.40219.1
Project("{FAE04EC0-301F-11D3-BF4B-00C04F79EFBC}") = "Northwind.Server", "Northwind.Server\Northwind.Server.csproj", "{446C08B7-3785-44A4-A6E0-A8BE446E357A}"
EndProject
Project("{FAE04EC0-301F-11D3-BF4B-00C04F79EFBC}") = "Northwind.Shared", "Northwind.Shared\Northwind.Shared.csproj", "{9BD471BC-48D3-499D-85DD-7AE27A548ACE}"
EndProject
Project("{FAE04EC0-301F-11D3-BF4B-00C04F79EFBC}") = "Northwind.Client", "Northwind.Client\Northwind.Client.csproj", "{9BD7ED78-9918-455D-B368-845722B73702}"
EndProject
Project("{FAE04EC0-301F-11D3-BF4B-00C04F79EFBC}") = "MudBlazor.Northwind", "MudBlazor.Northwind\MudBlazor.Northwind.csproj", "{9ACC5866-83C2-419F-84D6-E347ACCD8E54}"
EndProject
Project("{FAE04EC0-301F-11D3-BF4B-00C04F79EFBC}") = "Northwind.api", "Northwind.api\Northwind.api.csproj", "{64EFE531-45AE-DA30-B17D-F1E864CEE593}"
EndProject
Project("{FAE04EC0-301F-11D3-BF4B-00C04F79EFBC}") = "Shared.Models", "Shared.Models\Shared.Models.csproj", "{530B1899-9F74-1D6B-C058-2F30620D212C}"
EndProject
Project("{FAE04EC0-301F-11D3-BF4B-00C04F79EFBC}") = "Northwind.Odata.Api", "Northwind.Odata.Api\Northwind.Odata.Api.csproj", "{B63469F6-2EA6-7566-BF20-649C10493F24}"
EndProject
Project("{FAE04EC0-301F-11D3-BF4B-00C04F79EFBC}") = "Northwind.Odata.Api.Client", "Northwind.Odata.Api.Client\Northwind.Odata.Api.Client.csproj", "{D3A3658C-334E-4DBD-9A5D-B4D25B0F1A37}"
EndProject
Project("{FAE04EC0-301F-11D3-BF4B-00C04F79EFBC}") = "Northwind.Client.Lib", "Northwind.Client.Lib\Northwind.Client.Lib.csproj", "{82FB0CB5-4D51-44B0-B5DB-28B7EA152C50}"
EndProject
Project("{FAE04EC0-301F-11D3-BF4B-00C04F79EFBC}") = "Northwind.Templates", "Northwind.Templates\Northwind.Templates.csproj", "{045FD98B-0B3A-CCB0-DA66-4BBAE9E51DEE}"
EndProject
Project("{FAE04EC0-301F-11D3-BF4B-00C04F79EFBC}") = "Northwind.CodeGenerator", "Northwind.CodeGenerator\Northwind.CodeGenerator.csproj", "{18AEF1FC-7EB7-42E1-934D-BB3ED5896743}"
EndProject
Project("{FAE04EC0-301F-11D3-BF4B-00C04F79EFBC}") = "MudBlazor.Test", "MudBlazor.Test\MudBlazor.Test.csproj", "{91E95312-EDC7-4F87-9263-192730DD8129}"
EndProject
Project("{FAE04EC0-301F-11D3-BF4B-00C04F79EFBC}") = "MudBlazor.Northwind.CodeGenerator", "MudBlazor.Northwind.CodeGenerator\MudBlazor.Northwind.CodeGenerator.csproj", "{027AC5D8-8FB3-4877-B9C5-E005AA767D05}"
EndProject
Project("{FAE04EC0-301F-11D3-BF4B-00C04F79EFBC}") = "MudBlazorWebAppTest", "MudBlazorWebAppTest\MudBlazorWebAppTest.csproj", "{7631EB08-19CF-AB99-38FC-B5BF9343E32F}"
EndProject
Project("{FAE04EC0-301F-11D3-BF4B-00C04F79EFBC}") = "ODataOpenApiExample", "ODataOpenApiExample\ODataOpenApiExample.csproj", "{BFCDECFD-6209-B461-BDE1-DD17ED82241F}"
EndProject
Project("{FAE04EC0-301F-11D3-BF4B-00C04F79EFBC}") = "Interactive.Lib.Shared", "Interactive.Lib.Shared\Interactive.Lib.Shared.csproj", "{5A85445F-5A3B-44ED-5474-6C8121A8C1C8}"
EndProject
Project("{FAE04EC0-301F-11D3-BF4B-00C04F79EFBC}") = "InteractiveMudBlazorServer_Net9", "InteractiveMudBlazorServer_Net9\InteractiveMudBlazorServer_Net9.csproj", "{23B85DD8-39CF-DF7D-F8B2-6C6DD7B7F8D9}"
EndProject
Global
	GlobalSection(SolutionConfigurationPlatforms) = preSolution
		Debug|Any CPU = Debug|Any CPU
		Debug|x64 = Debug|x64
		Debug|x86 = Debug|x86
		Release|Any CPU = Release|Any CPU
		Release|x64 = Release|x64
		Release|x86 = Release|x86
	EndGlobalSection
	GlobalSection(ProjectConfigurationPlatforms) = postSolution
		{446C08B7-3785-44A4-A6E0-A8BE446E357A}.Debug|Any CPU.ActiveCfg = Debug|Any CPU
		{446C08B7-3785-44A4-A6E0-A8BE446E357A}.Debug|Any CPU.Build.0 = Debug|Any CPU
		{446C08B7-3785-44A4-A6E0-A8BE446E357A}.Debug|x64.ActiveCfg = Debug|Any CPU
		{446C08B7-3785-44A4-A6E0-A8BE446E357A}.Debug|x64.Build.0 = Debug|Any CPU
		{446C08B7-3785-44A4-A6E0-A8BE446E357A}.Debug|x86.ActiveCfg = Debug|Any CPU
		{446C08B7-3785-44A4-A6E0-A8BE446E357A}.Debug|x86.Build.0 = Debug|Any CPU
		{446C08B7-3785-44A4-A6E0-A8BE446E357A}.Release|Any CPU.ActiveCfg = Release|Any CPU
		{446C08B7-3785-44A4-A6E0-A8BE446E357A}.Release|Any CPU.Build.0 = Release|Any CPU
		{446C08B7-3785-44A4-A6E0-A8BE446E357A}.Release|x64.ActiveCfg = Release|Any CPU
		{446C08B7-3785-44A4-A6E0-A8BE446E357A}.Release|x64.Build.0 = Release|Any CPU
		{446C08B7-3785-44A4-A6E0-A8BE446E357A}.Release|x86.ActiveCfg = Release|Any CPU
		{446C08B7-3785-44A4-A6E0-A8BE446E357A}.Release|x86.Build.0 = Release|Any CPU
		{9BD471BC-48D3-499D-85DD-7AE27A548ACE}.Debug|Any CPU.ActiveCfg = Debug|Any CPU
		{9BD471BC-48D3-499D-85DD-7AE27A548ACE}.Debug|Any CPU.Build.0 = Debug|Any CPU
		{9BD471BC-48D3-499D-85DD-7AE27A548ACE}.Debug|x64.ActiveCfg = Debug|Any CPU
		{9BD471BC-48D3-499D-85DD-7AE27A548ACE}.Debug|x64.Build.0 = Debug|Any CPU
		{9BD471BC-48D3-499D-85DD-7AE27A548ACE}.Debug|x86.ActiveCfg = Debug|Any CPU
		{9BD471BC-48D3-499D-85DD-7AE27A548ACE}.Debug|x86.Build.0 = Debug|Any CPU
		{9BD471BC-48D3-499D-85DD-7AE27A548ACE}.Release|Any CPU.ActiveCfg = Release|Any CPU
		{9BD471BC-48D3-499D-85DD-7AE27A548ACE}.Release|Any CPU.Build.0 = Release|Any CPU
		{9BD471BC-48D3-499D-85DD-7AE27A548ACE}.Release|x64.ActiveCfg = Release|Any CPU
		{9BD471BC-48D3-499D-85DD-7AE27A548ACE}.Release|x64.Build.0 = Release|Any CPU
		{9BD471BC-48D3-499D-85DD-7AE27A548ACE}.Release|x86.ActiveCfg = Release|Any CPU
		{9BD471BC-48D3-499D-85DD-7AE27A548ACE}.Release|x86.Build.0 = Release|Any CPU
		{9BD7ED78-9918-455D-B368-845722B73702}.Debug|Any CPU.ActiveCfg = Debug|Any CPU
		{9BD7ED78-9918-455D-B368-845722B73702}.Debug|Any CPU.Build.0 = Debug|Any CPU
		{9BD7ED78-9918-455D-B368-845722B73702}.Debug|x64.ActiveCfg = Debug|Any CPU
		{9BD7ED78-9918-455D-B368-845722B73702}.Debug|x64.Build.0 = Debug|Any CPU
		{9BD7ED78-9918-455D-B368-845722B73702}.Debug|x86.ActiveCfg = Debug|Any CPU
		{9BD7ED78-9918-455D-B368-845722B73702}.Debug|x86.Build.0 = Debug|Any CPU
		{9BD7ED78-9918-455D-B368-845722B73702}.Release|Any CPU.ActiveCfg = Release|Any CPU
		{9BD7ED78-9918-455D-B368-845722B73702}.Release|Any CPU.Build.0 = Release|Any CPU
		{9BD7ED78-9918-455D-B368-845722B73702}.Release|x64.ActiveCfg = Release|Any CPU
		{9BD7ED78-9918-455D-B368-845722B73702}.Release|x64.Build.0 = Release|Any CPU
		{9BD7ED78-9918-455D-B368-845722B73702}.Release|x86.ActiveCfg = Release|Any CPU
		{9BD7ED78-9918-455D-B368-845722B73702}.Release|x86.Build.0 = Release|Any CPU
		{9ACC5866-83C2-419F-84D6-E347ACCD8E54}.Debug|Any CPU.ActiveCfg = Debug|Any CPU
		{9ACC5866-83C2-419F-84D6-E347ACCD8E54}.Debug|Any CPU.Build.0 = Debug|Any CPU
		{9ACC5866-83C2-419F-84D6-E347ACCD8E54}.Debug|x64.ActiveCfg = Debug|Any CPU
		{9ACC5866-83C2-419F-84D6-E347ACCD8E54}.Debug|x64.Build.0 = Debug|Any CPU
		{9ACC5866-83C2-419F-84D6-E347ACCD8E54}.Debug|x86.ActiveCfg = Debug|Any CPU
		{9ACC5866-83C2-419F-84D6-E347ACCD8E54}.Debug|x86.Build.0 = Debug|Any CPU
		{9ACC5866-83C2-419F-84D6-E347ACCD8E54}.Release|Any CPU.ActiveCfg = Release|Any CPU
		{9ACC5866-83C2-419F-84D6-E347ACCD8E54}.Release|Any CPU.Build.0 = Release|Any CPU
		{9ACC5866-83C2-419F-84D6-E347ACCD8E54}.Release|x64.ActiveCfg = Release|Any CPU
		{9ACC5866-83C2-419F-84D6-E347ACCD8E54}.Release|x64.Build.0 = Release|Any CPU
		{9ACC5866-83C2-419F-84D6-E347ACCD8E54}.Release|x86.ActiveCfg = Release|Any CPU
		{9ACC5866-83C2-419F-84D6-E347ACCD8E54}.Release|x86.Build.0 = Release|Any CPU
		{64EFE531-45AE-DA30-B17D-F1E864CEE593}.Debug|Any CPU.ActiveCfg = Debug|Any CPU
		{64EFE531-45AE-DA30-B17D-F1E864CEE593}.Debug|Any CPU.Build.0 = Debug|Any CPU
		{64EFE531-45AE-DA30-B17D-F1E864CEE593}.Debug|x64.ActiveCfg = Debug|Any CPU
		{64EFE531-45AE-DA30-B17D-F1E864CEE593}.Debug|x64.Build.0 = Debug|Any CPU
		{64EFE531-45AE-DA30-B17D-F1E864CEE593}.Debug|x86.ActiveCfg = Debug|Any CPU
		{64EFE531-45AE-DA30-B17D-F1E864CEE593}.Debug|x86.Build.0 = Debug|Any CPU
		{64EFE531-45AE-DA30-B17D-F1E864CEE593}.Release|Any CPU.ActiveCfg = Release|Any CPU
		{64EFE531-45AE-DA30-B17D-F1E864CEE593}.Release|Any CPU.Build.0 = Release|Any CPU
		{64EFE531-45AE-DA30-B17D-F1E864CEE593}.Release|x64.ActiveCfg = Release|Any CPU
		{64EFE531-45AE-DA30-B17D-F1E864CEE593}.Release|x64.Build.0 = Release|Any CPU
		{64EFE531-45AE-DA30-B17D-F1E864CEE593}.Release|x86.ActiveCfg = Release|Any CPU
		{64EFE531-45AE-DA30-B17D-F1E864CEE593}.Release|x86.Build.0 = Release|Any CPU
		{530B1899-9F74-1D6B-C058-2F30620D212C}.Debug|Any CPU.ActiveCfg = Debug|Any CPU
		{530B1899-9F74-1D6B-C058-2F30620D212C}.Debug|Any CPU.Build.0 = Debug|Any CPU
		{530B1899-9F74-1D6B-C058-2F30620D212C}.Debug|x64.ActiveCfg = Debug|Any CPU
		{530B1899-9F74-1D6B-C058-2F30620D212C}.Debug|x64.Build.0 = Debug|Any CPU
		{530B1899-9F74-1D6B-C058-2F30620D212C}.Debug|x86.ActiveCfg = Debug|Any CPU
		{530B1899-9F74-1D6B-C058-2F30620D212C}.Debug|x86.Build.0 = Debug|Any CPU
		{530B1899-9F74-1D6B-C058-2F30620D212C}.Release|Any CPU.ActiveCfg = Release|Any CPU
		{530B1899-9F74-1D6B-C058-2F30620D212C}.Release|Any CPU.Build.0 = Release|Any CPU
		{530B1899-9F74-1D6B-C058-2F30620D212C}.Release|x64.ActiveCfg = Release|Any CPU
		{530B1899-9F74-1D6B-C058-2F30620D212C}.Release|x64.Build.0 = Release|Any CPU
		{530B1899-9F74-1D6B-C058-2F30620D212C}.Release|x86.ActiveCfg = Release|Any CPU
		{530B1899-9F74-1D6B-C058-2F30620D212C}.Release|x86.Build.0 = Release|Any CPU
		{B63469F6-2EA6-7566-BF20-649C10493F24}.Debug|Any CPU.ActiveCfg = Debug|Any CPU
		{B63469F6-2EA6-7566-BF20-649C10493F24}.Debug|Any CPU.Build.0 = Debug|Any CPU
		{B63469F6-2EA6-7566-BF20-649C10493F24}.Debug|x64.ActiveCfg = Debug|Any CPU
		{B63469F6-2EA6-7566-BF20-649C10493F24}.Debug|x64.Build.0 = Debug|Any CPU
		{B63469F6-2EA6-7566-BF20-649C10493F24}.Debug|x86.ActiveCfg = Debug|Any CPU
		{B63469F6-2EA6-7566-BF20-649C10493F24}.Debug|x86.Build.0 = Debug|Any CPU
		{B63469F6-2EA6-7566-BF20-649C10493F24}.Release|Any CPU.ActiveCfg = Release|Any CPU
		{B63469F6-2EA6-7566-BF20-649C10493F24}.Release|Any CPU.Build.0 = Release|Any CPU
		{B63469F6-2EA6-7566-BF20-649C10493F24}.Release|x64.ActiveCfg = Release|Any CPU
		{B63469F6-2EA6-7566-BF20-649C10493F24}.Release|x64.Build.0 = Release|Any CPU
		{B63469F6-2EA6-7566-BF20-649C10493F24}.Release|x86.ActiveCfg = Release|Any CPU
		{B63469F6-2EA6-7566-BF20-649C10493F24}.Release|x86.Build.0 = Release|Any CPU
		{D3A3658C-334E-4DBD-9A5D-B4D25B0F1A37}.Debug|Any CPU.ActiveCfg = Debug|Any CPU
		{D3A3658C-334E-4DBD-9A5D-B4D25B0F1A37}.Debug|Any CPU.Build.0 = Debug|Any CPU
		{D3A3658C-334E-4DBD-9A5D-B4D25B0F1A37}.Debug|x64.ActiveCfg = Debug|Any CPU
		{D3A3658C-334E-4DBD-9A5D-B4D25B0F1A37}.Debug|x64.Build.0 = Debug|Any CPU
		{D3A3658C-334E-4DBD-9A5D-B4D25B0F1A37}.Debug|x86.ActiveCfg = Debug|Any CPU
		{D3A3658C-334E-4DBD-9A5D-B4D25B0F1A37}.Debug|x86.Build.0 = Debug|Any CPU
		{D3A3658C-334E-4DBD-9A5D-B4D25B0F1A37}.Release|Any CPU.ActiveCfg = Release|Any CPU
		{D3A3658C-334E-4DBD-9A5D-B4D25B0F1A37}.Release|Any CPU.Build.0 = Release|Any CPU
		{D3A3658C-334E-4DBD-9A5D-B4D25B0F1A37}.Release|x64.ActiveCfg = Release|Any CPU
		{D3A3658C-334E-4DBD-9A5D-B4D25B0F1A37}.Release|x64.Build.0 = Release|Any CPU
		{D3A3658C-334E-4DBD-9A5D-B4D25B0F1A37}.Release|x86.ActiveCfg = Release|Any CPU
		{D3A3658C-334E-4DBD-9A5D-B4D25B0F1A37}.Release|x86.Build.0 = Release|Any CPU
		{82FB0CB5-4D51-44B0-B5DB-28B7EA152C50}.Debug|Any CPU.ActiveCfg = Debug|Any CPU
		{82FB0CB5-4D51-44B0-B5DB-28B7EA152C50}.Debug|Any CPU.Build.0 = Debug|Any CPU
		{82FB0CB5-4D51-44B0-B5DB-28B7EA152C50}.Debug|x64.ActiveCfg = Debug|Any CPU
		{82FB0CB5-4D51-44B0-B5DB-28B7EA152C50}.Debug|x64.Build.0 = Debug|Any CPU
		{82FB0CB5-4D51-44B0-B5DB-28B7EA152C50}.Debug|x86.ActiveCfg = Debug|Any CPU
		{82FB0CB5-4D51-44B0-B5DB-28B7EA152C50}.Debug|x86.Build.0 = Debug|Any CPU
		{82FB0CB5-4D51-44B0-B5DB-28B7EA152C50}.Release|Any CPU.ActiveCfg = Release|Any CPU
		{82FB0CB5-4D51-44B0-B5DB-28B7EA152C50}.Release|Any CPU.Build.0 = Release|Any CPU
		{82FB0CB5-4D51-44B0-B5DB-28B7EA152C50}.Release|x64.ActiveCfg = Release|Any CPU
		{82FB0CB5-4D51-44B0-B5DB-28B7EA152C50}.Release|x64.Build.0 = Release|Any CPU
		{82FB0CB5-4D51-44B0-B5DB-28B7EA152C50}.Release|x86.ActiveCfg = Release|Any CPU
		{82FB0CB5-4D51-44B0-B5DB-28B7EA152C50}.Release|x86.Build.0 = Release|Any CPU
		{045FD98B-0B3A-CCB0-DA66-4BBAE9E51DEE}.Debug|Any CPU.ActiveCfg = Debug|Any CPU
		{045FD98B-0B3A-CCB0-DA66-4BBAE9E51DEE}.Debug|Any CPU.Build.0 = Debug|Any CPU
		{045FD98B-0B3A-CCB0-DA66-4BBAE9E51DEE}.Debug|x64.ActiveCfg = Debug|Any CPU
		{045FD98B-0B3A-CCB0-DA66-4BBAE9E51DEE}.Debug|x64.Build.0 = Debug|Any CPU
		{045FD98B-0B3A-CCB0-DA66-4BBAE9E51DEE}.Debug|x86.ActiveCfg = Debug|Any CPU
		{045FD98B-0B3A-CCB0-DA66-4BBAE9E51DEE}.Debug|x86.Build.0 = Debug|Any CPU
		{045FD98B-0B3A-CCB0-DA66-4BBAE9E51DEE}.Release|Any CPU.ActiveCfg = Release|Any CPU
		{045FD98B-0B3A-CCB0-DA66-4BBAE9E51DEE}.Release|Any CPU.Build.0 = Release|Any CPU
		{045FD98B-0B3A-CCB0-DA66-4BBAE9E51DEE}.Release|x64.ActiveCfg = Release|Any CPU
		{045FD98B-0B3A-CCB0-DA66-4BBAE9E51DEE}.Release|x64.Build.0 = Release|Any CPU
		{045FD98B-0B3A-CCB0-DA66-4BBAE9E51DEE}.Release|x86.ActiveCfg = Release|Any CPU
		{045FD98B-0B3A-CCB0-DA66-4BBAE9E51DEE}.Release|x86.Build.0 = Release|Any CPU
		{18AEF1FC-7EB7-42E1-934D-BB3ED5896743}.Debug|Any CPU.ActiveCfg = Debug|Any CPU
		{18AEF1FC-7EB7-42E1-934D-BB3ED5896743}.Debug|Any CPU.Build.0 = Debug|Any CPU
		{18AEF1FC-7EB7-42E1-934D-BB3ED5896743}.Debug|x64.ActiveCfg = Debug|Any CPU
		{18AEF1FC-7EB7-42E1-934D-BB3ED5896743}.Debug|x64.Build.0 = Debug|Any CPU
		{18AEF1FC-7EB7-42E1-934D-BB3ED5896743}.Debug|x86.ActiveCfg = Debug|Any CPU
		{18AEF1FC-7EB7-42E1-934D-BB3ED5896743}.Debug|x86.Build.0 = Debug|Any CPU
		{18AEF1FC-7EB7-42E1-934D-BB3ED5896743}.Release|Any CPU.ActiveCfg = Release|Any CPU
		{18AEF1FC-7EB7-42E1-934D-BB3ED5896743}.Release|Any CPU.Build.0 = Release|Any CPU
		{18AEF1FC-7EB7-42E1-934D-BB3ED5896743}.Release|x64.ActiveCfg = Release|Any CPU
		{18AEF1FC-7EB7-42E1-934D-BB3ED5896743}.Release|x64.Build.0 = Release|Any CPU
		{18AEF1FC-7EB7-42E1-934D-BB3ED5896743}.Release|x86.ActiveCfg = Release|Any CPU
		{18AEF1FC-7EB7-42E1-934D-BB3ED5896743}.Release|x86.Build.0 = Release|Any CPU
		{91E95312-EDC7-4F87-9263-192730DD8129}.Debug|Any CPU.ActiveCfg = Debug|Any CPU
		{91E95312-EDC7-4F87-9263-192730DD8129}.Debug|Any CPU.Build.0 = Debug|Any CPU
		{91E95312-EDC7-4F87-9263-192730DD8129}.Debug|x64.ActiveCfg = Debug|Any CPU
		{91E95312-EDC7-4F87-9263-192730DD8129}.Debug|x64.Build.0 = Debug|Any CPU
		{91E95312-EDC7-4F87-9263-192730DD8129}.Debug|x86.ActiveCfg = Debug|Any CPU
		{91E95312-EDC7-4F87-9263-192730DD8129}.Debug|x86.Build.0 = Debug|Any CPU
		{91E95312-EDC7-4F87-9263-192730DD8129}.Release|Any CPU.ActiveCfg = Release|Any CPU
		{91E95312-EDC7-4F87-9263-192730DD8129}.Release|Any CPU.Build.0 = Release|Any CPU
		{91E95312-EDC7-4F87-9263-192730DD8129}.Release|x64.ActiveCfg = Release|Any CPU
		{91E95312-EDC7-4F87-9263-192730DD8129}.Release|x64.Build.0 = Release|Any CPU
		{91E95312-EDC7-4F87-9263-192730DD8129}.Release|x86.ActiveCfg = Release|Any CPU
		{91E95312-EDC7-4F87-9263-192730DD8129}.Release|x86.Build.0 = Release|Any CPU
		{027AC5D8-8FB3-4877-B9C5-E005AA767D05}.Debug|Any CPU.ActiveCfg = Debug|Any CPU
		{027AC5D8-8FB3-4877-B9C5-E005AA767D05}.Debug|Any CPU.Build.0 = Debug|Any CPU
		{027AC5D8-8FB3-4877-B9C5-E005AA767D05}.Debug|x64.ActiveCfg = Debug|Any CPU
		{027AC5D8-8FB3-4877-B9C5-E005AA767D05}.Debug|x64.Build.0 = Debug|Any CPU
		{027AC5D8-8FB3-4877-B9C5-E005AA767D05}.Debug|x86.ActiveCfg = Debug|Any CPU
		{027AC5D8-8FB3-4877-B9C5-E005AA767D05}.Debug|x86.Build.0 = Debug|Any CPU
		{027AC5D8-8FB3-4877-B9C5-E005AA767D05}.Release|Any CPU.ActiveCfg = Release|Any CPU
		{027AC5D8-8FB3-4877-B9C5-E005AA767D05}.Release|Any CPU.Build.0 = Release|Any CPU
		{027AC5D8-8FB3-4877-B9C5-E005AA767D05}.Release|x64.ActiveCfg = Release|Any CPU
		{027AC5D8-8FB3-4877-B9C5-E005AA767D05}.Release|x64.Build.0 = Release|Any CPU
		{027AC5D8-8FB3-4877-B9C5-E005AA767D05}.Release|x86.ActiveCfg = Release|Any CPU
		{027AC5D8-8FB3-4877-B9C5-E005AA767D05}.Release|x86.Build.0 = Release|Any CPU
		{7631EB08-19CF-AB99-38FC-B5BF9343E32F}.Debug|Any CPU.ActiveCfg = Debug|Any CPU
		{7631EB08-19CF-AB99-38FC-B5BF9343E32F}.Debug|Any CPU.Build.0 = Debug|Any CPU
		{7631EB08-19CF-AB99-38FC-B5BF9343E32F}.Debug|x64.ActiveCfg = Debug|Any CPU
		{7631EB08-19CF-AB99-38FC-B5BF9343E32F}.Debug|x64.Build.0 = Debug|Any CPU
		{7631EB08-19CF-AB99-38FC-B5BF9343E32F}.Debug|x86.ActiveCfg = Debug|Any CPU
		{7631EB08-19CF-AB99-38FC-B5BF9343E32F}.Debug|x86.Build.0 = Debug|Any CPU
		{7631EB08-19CF-AB99-38FC-B5BF9343E32F}.Release|Any CPU.ActiveCfg = Release|Any CPU
		{7631EB08-19CF-AB99-38FC-B5BF9343E32F}.Release|Any CPU.Build.0 = Release|Any CPU
		{7631EB08-19CF-AB99-38FC-B5BF9343E32F}.Release|x64.ActiveCfg = Release|Any CPU
		{7631EB08-19CF-AB99-38FC-B5BF9343E32F}.Release|x64.Build.0 = Release|Any CPU
		{7631EB08-19CF-AB99-38FC-B5BF9343E32F}.Release|x86.ActiveCfg = Release|Any CPU
		{7631EB08-19CF-AB99-38FC-B5BF9343E32F}.Release|x86.Build.0 = Release|Any CPU
		{BFCDECFD-6209-B461-BDE1-DD17ED82241F}.Debug|Any CPU.ActiveCfg = Debug|Any CPU
		{BFCDECFD-6209-B461-BDE1-DD17ED82241F}.Debug|Any CPU.Build.0 = Debug|Any CPU
		{BFCDECFD-6209-B461-BDE1-DD17ED82241F}.Debug|x64.ActiveCfg = Debug|Any CPU
		{BFCDECFD-6209-B461-BDE1-DD17ED82241F}.Debug|x64.Build.0 = Debug|Any CPU
		{BFCDECFD-6209-B461-BDE1-DD17ED82241F}.Debug|x86.ActiveCfg = Debug|Any CPU
		{BFCDECFD-6209-B461-BDE1-DD17ED82241F}.Debug|x86.Build.0 = Debug|Any CPU
		{BFCDECFD-6209-B461-BDE1-DD17ED82241F}.Release|Any CPU.ActiveCfg = Release|Any CPU
		{BFCDECFD-6209-B461-BDE1-DD17ED82241F}.Release|Any CPU.Build.0 = Release|Any CPU
		{BFCDECFD-6209-B461-BDE1-DD17ED82241F}.Release|x64.ActiveCfg = Release|Any CPU
		{BFCDECFD-6209-B461-BDE1-DD17ED82241F}.Release|x64.Build.0 = Release|Any CPU
		{BFCDECFD-6209-B461-BDE1-DD17ED82241F}.Release|x86.ActiveCfg = Release|Any CPU
		{BFCDECFD-6209-B461-BDE1-DD17ED82241F}.Release|x86.Build.0 = Release|Any CPU
		{5A85445F-5A3B-44ED-5474-6C8121A8C1C8}.Debug|Any CPU.ActiveCfg = Debug|Any CPU
		{5A85445F-5A3B-44ED-5474-6C8121A8C1C8}.Debug|Any CPU.Build.0 = Debug|Any CPU
		{5A85445F-5A3B-44ED-5474-6C8121A8C1C8}.Debug|x64.ActiveCfg = Debug|Any CPU
		{5A85445F-5A3B-44ED-5474-6C8121A8C1C8}.Debug|x64.Build.0 = Debug|Any CPU
		{5A85445F-5A3B-44ED-5474-6C8121A8C1C8}.Debug|x86.ActiveCfg = Debug|Any CPU
		{5A85445F-5A3B-44ED-5474-6C8121A8C1C8}.Debug|x86.Build.0 = Debug|Any CPU
		{5A85445F-5A3B-44ED-5474-6C8121A8C1C8}.Release|Any CPU.ActiveCfg = Release|Any CPU
		{5A85445F-5A3B-44ED-5474-6C8121A8C1C8}.Release|Any CPU.Build.0 = Release|Any CPU
		{5A85445F-5A3B-44ED-5474-6C8121A8C1C8}.Release|x64.ActiveCfg = Release|Any CPU
		{5A85445F-5A3B-44ED-5474-6C8121A8C1C8}.Release|x64.Build.0 = Release|Any CPU
		{5A85445F-5A3B-44ED-5474-6C8121A8C1C8}.Release|x86.ActiveCfg = Release|Any CPU
		{5A85445F-5A3B-44ED-5474-6C8121A8C1C8}.Release|x86.Build.0 = Release|Any CPU
		{23B85DD8-39CF-DF7D-F8B2-6C6DD7B7F8D9}.Debug|Any CPU.ActiveCfg = Debug|Any CPU
		{23B85DD8-39CF-DF7D-F8B2-6C6DD7B7F8D9}.Debug|Any CPU.Build.0 = Debug|Any CPU
		{23B85DD8-39CF-DF7D-F8B2-6C6DD7B7F8D9}.Debug|x64.ActiveCfg = Debug|Any CPU
		{23B85DD8-39CF-DF7D-F8B2-6C6DD7B7F8D9}.Debug|x64.Build.0 = Debug|Any CPU
		{23B85DD8-39CF-DF7D-F8B2-6C6DD7B7F8D9}.Debug|x86.ActiveCfg = Debug|Any CPU
		{23B85DD8-39CF-DF7D-F8B2-6C6DD7B7F8D9}.Debug|x86.Build.0 = Debug|Any CPU
		{23B85DD8-39CF-DF7D-F8B2-6C6DD7B7F8D9}.Release|Any CPU.ActiveCfg = Release|Any CPU
		{23B85DD8-39CF-DF7D-F8B2-6C6DD7B7F8D9}.Release|Any CPU.Build.0 = Release|Any CPU
		{23B85DD8-39CF-DF7D-F8B2-6C6DD7B7F8D9}.Release|x64.ActiveCfg = Release|Any CPU
		{23B85DD8-39CF-DF7D-F8B2-6C6DD7B7F8D9}.Release|x64.Build.0 = Release|Any CPU
		{23B85DD8-39CF-DF7D-F8B2-6C6DD7B7F8D9}.Release|x86.ActiveCfg = Release|Any CPU
		{23B85DD8-39CF-DF7D-F8B2-6C6DD7B7F8D9}.Release|x86.Build.0 = Release|Any CPU
	EndGlobalSection
	GlobalSection(SolutionProperties) = preSolution
		HideSolutionNode = FALSE
	EndGlobalSection
	GlobalSection(ExtensibilityGlobals) = postSolution
		SolutionGuid = {2A925DF8-12B7-4C97-A948-43E75519B967}
	EndGlobalSection
EndGlobal
